
Microsoft Visual Studio Solution File, Format Version 12.00
# Visual Studio Version 17
VisualStudioVersion = 17.13.35931.197 d17.13
MinimumVisualStudioVersion = 10.0.40219.1
Project("{FAE04EC0-301F-11D3-BF4B-00C04F79EFBC}") = "ApiSystem", "ApiSystem\ApiSystem.csproj", "{47BAE188-F661-40EF-8151-34464652FDD6}"
EndProject
Project("{2150E333-8FDC-42A3-9474-1A3956D46DE8}") = "Elementos de la solución", "Elementos de la solución", "{D107F4C8-89CC-BEA8-D3D7-CA6B7733353D}"
	ProjectSection(SolutionItems) = preProject
		README.me = README.me
	EndProjectSection
EndProject
Global
	GlobalSection(SolutionConfigurationPlatforms) = preSolution
		Debug|Any CPU = Debug|Any CPU
		Release|Any CPU = Release|Any CPU
	EndGlobalSection
	GlobalSection(ProjectConfigurationPlatforms) = postSolution
		{47BAE188-F661-40EF-8151-34464652FDD6}.Debug|Any CPU.ActiveCfg = Debug|Any CPU
		{47BAE188-F661-40EF-8151-34464652FDD6}.Debug|Any CPU.Build.0 = Debug|Any CPU
		{47BAE188-F661-40EF-8151-34464652FDD6}.Release|Any CPU.ActiveCfg = Release|Any CPU
		{47BAE188-F661-40EF-8151-34464652FDD6}.Release|Any CPU.Build.0 = Release|Any CPU
	EndGlobalSection
	GlobalSection(SolutionProperties) = preSolution
		HideSolutionNode = FALSE
	EndGlobalSection
	GlobalSection(ExtensibilityGlobals) = postSolution
		SolutionGuid = {3D1069C3-5AFE-4F20-99E0-91E071261189}
	EndGlobalSection
EndGlobal
